
Microsoft Visual Studio Solution File, Format Version 12.00
# Visual Studio Version 16
VisualStudioVersion = 16.0.31005.135
MinimumVisualStudioVersion = 10.0.40219.1
Project("{FAE04EC0-301F-11D3-BF4B-00C04F79EFBC}") = "AspNetCore-Session-Pratice", "AspNetCore-Session-Pratice\AspNetCore-Session-Pratice.csproj", "{C2484471-EE6F-491C-B6CE-735189CB658D}"
EndProject
Global
	GlobalSection(SolutionConfigurationPlatforms) = preSolution
		Debug|Any CPU = Debug|Any CPU
		Release|Any CPU = Release|Any CPU
	EndGlobalSection
	GlobalSection(ProjectConfigurationPlatforms) = postSolution
		{C2484471-EE6F-491C-B6CE-735189CB658D}.Debug|Any CPU.ActiveCfg = Debug|Any CPU
		{C2484471-EE6F-491C-B6CE-735189CB658D}.Debug|Any CPU.Build.0 = Debug|Any CPU
		{C2484471-EE6F-491C-B6CE-735189CB658D}.Release|Any CPU.ActiveCfg = Release|Any CPU
		{C2484471-EE6F-491C-B6CE-735189CB658D}.Release|Any CPU.Build.0 = Release|Any CPU
	EndGlobalSection
	GlobalSection(SolutionProperties) = preSolution
		HideSolutionNode = FALSE
	EndGlobalSection
	GlobalSection(ExtensibilityGlobals) = postSolution
		SolutionGuid = {14E4D91E-A7B2-4322-93F0-4C74EC0222C1}
	EndGlobalSection
EndGlobal
